
Microsoft Visual Studio Solution File, Format Version 12.00
# Visual Studio Version 16
VisualStudioVersion = 16.0.30517.126
MinimumVisualStudioVersion = 10.0.40219.1
Project("{9A19103F-16F7-4668-BE54-9A1E7A4F7556}") = "FirstWebApiWithCore", "FirstWebApiWithCore\FirstWebApiWithCore.csproj", "{E646C456-6F02-41E2-99E2-8EC24DB845A3}"
EndProject
Project("{FAE04EC0-301F-11D3-BF4B-00C04F79EFBC}") = "WebApiWithCodeFirstApproch", "WebApiWithCodeFirstApproch\WebApiWithCodeFirstApproch.csproj", "{D2876695-A6C4-42C6-BB25-E728EC85D5A0}"
EndProject
Global
	GlobalSection(SolutionConfigurationPlatforms) = preSolution
		Debug|Any CPU = Debug|Any CPU
		Release|Any CPU = Release|Any CPU
	EndGlobalSection
	GlobalSection(ProjectConfigurationPlatforms) = postSolution
		{E646C456-6F02-41E2-99E2-8EC24DB845A3}.Debug|Any CPU.ActiveCfg = Debug|Any CPU
		{E646C456-6F02-41E2-99E2-8EC24DB845A3}.Debug|Any CPU.Build.0 = Debug|Any CPU
		{E646C456-6F02-41E2-99E2-8EC24DB845A3}.Release|Any CPU.ActiveCfg = Release|Any CPU
		{E646C456-6F02-41E2-99E2-8EC24DB845A3}.Release|Any CPU.Build.0 = Release|Any CPU
		{D2876695-A6C4-42C6-BB25-E728EC85D5A0}.Debug|Any CPU.ActiveCfg = Debug|Any CPU
		{D2876695-A6C4-42C6-BB25-E728EC85D5A0}.Debug|Any CPU.Build.0 = Debug|Any CPU
		{D2876695-A6C4-42C6-BB25-E728EC85D5A0}.Release|Any CPU.ActiveCfg = Release|Any CPU
		{D2876695-A6C4-42C6-BB25-E728EC85D5A0}.Release|Any CPU.Build.0 = Release|Any CPU
	EndGlobalSection
	GlobalSection(SolutionProperties) = preSolution
		HideSolutionNode = FALSE
	EndGlobalSection
	GlobalSection(ExtensibilityGlobals) = postSolution
		SolutionGuid = {6BF6A0C0-DC85-426C-89D2-456ECA37BDF6}
	EndGlobalSection
EndGlobal
